
Microsoft Visual Studio Solution File, Format Version 12.00
# Visual Studio Version 16
VisualStudioVersion = 16.0.29709.97
MinimumVisualStudioVersion = 15.0.26124.0
Project("{2150E333-8FDC-42A3-9474-1A3956D46DE8}") = "Lesson1", "Lesson1", "{30301EB4-A81E-4E9F-9677-944DE9DA2F91}"
EndProject
Project("{2150E333-8FDC-42A3-9474-1A3956D46DE8}") = "Lesson2", "Lesson2", "{19E304ED-BA58-4920-B553-987FDE90C840}"
EndProject
Project("{9A19103F-16F7-4668-BE54-9A1E7A4F7556}") = "DotNetTraining.Lesson2.Args", "Lesson2\DotNetTraining.Lesson2.Args\DotNetTraining.Lesson2.Args.csproj", "{E0FC17F3-8EB4-4454-A062-D5FA0D16EA2D}"
EndProject
Project("{9A19103F-16F7-4668-BE54-9A1E7A4F7556}") = "DotNetTraining.Lesson2.Classes", "Lesson2\DotNetTraining.Lesson2.Classes\DotNetTraining.Lesson2.Classes.csproj", "{AD92FB9D-ED30-4593-99D5-DCD47075B500}"
EndProject
Project("{9A19103F-16F7-4668-BE54-9A1E7A4F7556}") = "DotNetTraining.Lesson2.Enums", "Lesson2\DotNetTraining.Lesson2.Enums\DotNetTraining.Lesson2.Enums.csproj", "{64E52919-FCAE-44E1-9AD5-2696967BF9DA}"
EndProject
Project("{9A19103F-16F7-4668-BE54-9A1E7A4F7556}") = "DotNetTraining.Lesson2.Methods", "Lesson2\DotNetTraining.Lesson2.Methods\DotNetTraining.Lesson2.Methods.csproj", "{77EF19CD-1C99-4057-8B53-D6AF570C2568}"
EndProject
Project("{9A19103F-16F7-4668-BE54-9A1E7A4F7556}") = "DotNetTraining.Lesson2.Partial", "Lesson2\DotNetTraining.Lesson2.Partial\DotNetTraining.Lesson2.Partial.csproj", "{5C646365-CCD4-48D3-8BF3-E9ECC2EAE785}"
EndProject
Project("{9A19103F-16F7-4668-BE54-9A1E7A4F7556}") = "DotNetTraining.Lesson2.Presentation", "Lesson2\DotNetTraining.Lesson2.Presentation\DotNetTraining.Lesson2.Presentation.csproj", "{8BCB8101-8CA5-4C20-B38D-E08ECA2EAE80}"
EndProject
Project("{9A19103F-16F7-4668-BE54-9A1E7A4F7556}") = "DotNetTraining.Lesson2.RecursiveMethods", "Lesson2\DotNetTraining.Lesson2.RecursiveMethods\DotNetTraining.Lesson2.RecursiveMethods.csproj", "{9FD1EC1B-0125-4672-9278-73B26C74257F}"
EndProject
Project("{9A19103F-16F7-4668-BE54-9A1E7A4F7556}") = "DotNetTraining.Lesson2.Structures", "Lesson2\DotNetTraining.Lesson2.Structures\DotNetTraining.Lesson2.Structures.csproj", "{6B5920EC-E35B-4735-88A5-939339743543}"
EndProject
Project("{9A19103F-16F7-4668-BE54-9A1E7A4F7556}") = "DotNetTraining.Lesson2.Tuple", "Lesson2\DotNetTraining.Lesson2.Tuple\DotNetTraining.Lesson2.Tuple.csproj", "{13BFE4D5-57EE-4B6C-B8FB-D09B77A1EF48}"
EndProject
Project("{2150E333-8FDC-42A3-9474-1A3956D46DE8}") = "Lesson3", "Lesson3", "{6B81073B-0131-4C64-B14B-28E63AE23334}"
EndProject
Project("{9A19103F-16F7-4668-BE54-9A1E7A4F7556}") = "DotNetTraining.Lesson3.Presentation", "Lesson3\DotNetTraining.Lesson3.Presentation\DotNetTraining.Lesson3.Presentation.csproj", "{373EA58C-30A0-4909-81CF-6C78CC322579}"
EndProject
Project("{9A19103F-16F7-4668-BE54-9A1E7A4F7556}") = "DotNetTraining.Lesson3.Stream", "Lesson3\DotNetTraining.Lesson3.Stream\DotNetTraining.Lesson3.Stream.csproj", "{EA99533E-9C80-40F2-9AD3-00328F1FE16A}"
EndProject
Project("{9A19103F-16F7-4668-BE54-9A1E7A4F7556}") = "DotNetTraining.Lesson3.FileAndFileInfo", "Lesson3\DotNetTraining.Lesson3.FileAndFileInfo\DotNetTraining.Lesson3.FileAndFileInfo.csproj", "{D9969E57-4C59-494E-ABD6-1FDC0C83A083}"
EndProject
Project("{9A19103F-16F7-4668-BE54-9A1E7A4F7556}") = "DotNetTraining.Lesson3.Exception", "Lesson3\DotNetTraining.Lesson3.Exception\DotNetTraining.Lesson3.Exception.csproj", "{53905281-3CA5-4DAB-922B-4295C067E4F4}"
EndProject
Project("{2150E333-8FDC-42A3-9474-1A3956D46DE8}") = "Lesson4", "Lesson4", "{ABC68B11-477F-438A-97CB-7394971F0327}"
EndProject
Project("{9A19103F-16F7-4668-BE54-9A1E7A4F7556}") = "DotNetTraining.Lesson4.Calculator", "Lesson4\DotNetTraining.Lesson4.Calculator\DotNetTraining.Lesson4.Calculator.csproj", "{0E0BB073-E422-404C-8204-79B55873F073}"
EndProject
Project("{9A19103F-16F7-4668-BE54-9A1E7A4F7556}") = "DotNetTraining.Lesson4.MoqClasses", "Lesson4\DotNetTraining.Lesson4.MoqClasses\DotNetTraining.Lesson4.MoqClasses.csproj", "{7C69F695-8E10-4818-A9D5-69EDF18EC5E2}"
EndProject
Project("{9A19103F-16F7-4668-BE54-9A1E7A4F7556}") = "DotNetTraining.Lesson4.Presentation", "Lesson4\DotNetTraining.Lesson4.Presentation\DotNetTraining.Lesson4.Presentation.csproj", "{AD0D1567-7B83-4150-983E-F55C25F0BAE2}"
EndProject
Project("{9A19103F-16F7-4668-BE54-9A1E7A4F7556}") = "DotNetTraining.Lesson4.Principles", "Lesson4\DotNetTraining.Lesson4.Principles\DotNetTraining.Lesson4.Principles.csproj", "{DCC1E4E4-A4FB-4EE9-9409-E73C4AD4011B}"
EndProject
Project("{9A19103F-16F7-4668-BE54-9A1E7A4F7556}") = "DotNetTraining.Lesson4.Tests", "Lesson4\DotNetTraining.Lesson4.Tests\DotNetTraining.Lesson4.Tests.csproj", "{F6E2F300-62F9-4672-9659-EB715FB91C98}"
EndProject
Project("{2150E333-8FDC-42A3-9474-1A3956D46DE8}") = "Lesson5", "Lesson5", "{DD274DC7-FAE8-40C4-858B-2F53F8C2659C}"
EndProject
Project("{9A19103F-16F7-4668-BE54-9A1E7A4F7556}") = "DotNetTraining.Lesson5.Presentation", "Lesson5\DotNetTraining.Lesson5.Presentation\DotNetTraining.Lesson5.Presentation.csproj", "{9A923000-A73D-4226-84C0-6C6FDE59E4CB}"
EndProject
Project("{9A19103F-16F7-4668-BE54-9A1E7A4F7556}") = "DotNetTraining.Lesson5.PointersAndUnsafe", "Lesson5\DotNetTraining.Lesson5.PointersAndUnsafe\DotNetTraining.Lesson5.PointersAndUnsafe.csproj", "{65559A6C-8F59-47AA-A088-DED9D0AB90CB}"
EndProject
Project("{9A19103F-16F7-4668-BE54-9A1E7A4F7556}") = "DotNetTraining.Lesson5.UsingAndDisposablePattern", "Lesson5\DotNetTraining.Lesson5.UsingAndDisposablePattern\DotNetTraining.Lesson5.UsingAndDisposablePattern.csproj", "{C7B02EC7-9775-4C7F-B95E-A6E9C7290D8D}"
EndProject
Project("{2150E333-8FDC-42A3-9474-1A3956D46DE8}") = "Lesson6", "Lesson6", "{F53ED05F-DD6C-4302-BFCD-588EB3D182E8}"
EndProject
Project("{9A19103F-16F7-4668-BE54-9A1E7A4F7556}") = "DotNetTraining.Lesson6.Presentation", "Lesson6\DotNetTraining.Lesson6.Presentation\DotNetTraining.Lesson6.Presentation.csproj", "{9F7BE2DF-CB84-4C3D-BC14-5B42172C402A}"
EndProject
Project("{9A19103F-16F7-4668-BE54-9A1E7A4F7556}") = "DotNetTraining.Lesson6.Delegates", "Lesson6\DotNetTraining.Lesson6.Delegates\DotNetTraining.Lesson6.Delegates.csproj", "{6EDCF7DE-D972-41EB-AFC9-5B9CB3A3E374}"
EndProject
Project("{9A19103F-16F7-4668-BE54-9A1E7A4F7556}") = "DotNetTraining.Lesson6.Events", "Lesson6\DotNetTraining.Lesson6.Events\DotNetTraining.Lesson6.Events.csproj", "{E325D29A-96D1-4C5F-A43E-2E33A729F174}"
EndProject
Project("{9A19103F-16F7-4668-BE54-9A1E7A4F7556}") = "DotNetTraining.Lesson6.LINQ", "Lesson6\DotNetTraining.Lesson6.LINQ\DotNetTraining.Lesson6.LINQ.csproj", "{0329B752-1086-4329-A210-01ECAEF4B970}"
EndProject
Project("{2150E333-8FDC-42A3-9474-1A3956D46DE8}") = "Lesson7", "Lesson7", "{5A7818A3-E239-45B2-A166-B6D968977197}"
EndProject
Project("{9A19103F-16F7-4668-BE54-9A1E7A4F7556}") = "DotNetTraining.Lesson7.PLINQ", "Lesson7\DotNetTraining.Lesson7.PLINQ\DotNetTraining.Lesson7.PLINQ.csproj", "{D6FE3B88-41A2-42F0-82EA-3223AFD42FA7}"
EndProject
Project("{9A19103F-16F7-4668-BE54-9A1E7A4F7556}") = "DotNetTraining.Lesson7.Presentation", "Lesson7\DotNetTraining.Lesson7.Presentation\DotNetTraining.Lesson7.Presentation.csproj", "{594A91C1-FC72-4FD1-A2EE-0C2E465F3ADE}"
EndProject
Project("{9A19103F-16F7-4668-BE54-9A1E7A4F7556}") = "DotNetTraining.Lesson7.Thread", "Lesson7\DotNetTraining.Lesson7.Thread\DotNetTraining.Lesson7.Thread.csproj", "{B75F1D25-B400-4C69-9AC3-452DD56FF3C5}"
EndProject
Project("{9A19103F-16F7-4668-BE54-9A1E7A4F7556}") = "DotNetTraining.Lesson7.AsyncAwait", "Lesson7\DotNetTraining.Lesson7.AsyncAwait\DotNetTraining.Lesson7.AsyncAwait.csproj", "{181B858D-BBE5-4834-979B-480153F007B7}"
EndProject
Project("{2150E333-8FDC-42A3-9474-1A3956D46DE8}") = "Lesson8", "Lesson8", "{0CAE4752-8EA3-4E8A-A06D-19149524BD4D}"
EndProject
Project("{9A19103F-16F7-4668-BE54-9A1E7A4F7556}") = "DotNetTraining.Lesson8.Presentation", "Lesson8\DotNetTraining.Lesson8.Presentation\DotNetTraining.Lesson8.Presentation.csproj", "{8BD6962D-4873-4893-BF52-5FFD225E1C54}"
EndProject
Project("{9A19103F-16F7-4668-BE54-9A1E7A4F7556}") = "DotNetTraining.Lesson8.ORM", "Lesson8\DotNetTraining.Lesson8.ORM\DotNetTraining.Lesson8.ORM.csproj", "{38FF4331-3FD2-496A-AF77-8E455AB4F20A}"
EndProject
Project("{2150E333-8FDC-42A3-9474-1A3956D46DE8}") = "Lesson9", "Lesson9", "{95D9B452-2AB7-42BE-9E57-442D39D4886D}"
EndProject
Project("{9A19103F-16F7-4668-BE54-9A1E7A4F7556}") = "DotNetTraining.Lesson9.AspApplication", "Lesson9\DotNetTraining.Lesson9.AspApplication\DotNetTraining.Lesson9.AspApplication.csproj", "{61CD191A-F278-4510-8944-DFB6A6D54491}"
EndProject
Project("{FAE04EC0-301F-11D3-BF4B-00C04F79EFBC}") = "DotNetTraining.Lesson9.AspApplication.Services", "Lesson9\DotNetTraining.Lesson9.AspApplication.Services\DotNetTraining.Lesson9.AspApplication.Services.csproj", "{EF8CC027-C630-4379-BADD-B952A322FB57}"
EndProject
Project("{FAE04EC0-301F-11D3-BF4B-00C04F79EFBC}") = "DotNetTraining.Lesson9.AspApplication.ViewModels", "Lesson9\DotNetTraining.Lesson9.AspApplication.ViewModels\DotNetTraining.Lesson9.AspApplication.ViewModels.csproj", "{8AC20410-A169-458B-A289-752759DD2665}"
EndProject
Project("{FAE04EC0-301F-11D3-BF4B-00C04F79EFBC}") = "DotNetTraining.Lesson1.ArithmeticOperators", "Lesson1\DotNetTraining.Lesson1.ArithmeticOperators\DotNetTraining.Lesson1.ArithmeticOperators.csproj", "{33E9ECD6-C4D2-4AC0-9B62-CC856E857383}"
EndProject
Project("{FAE04EC0-301F-11D3-BF4B-00C04F79EFBC}") = "DotNetTraining.Lesson1.AssignmentOperators", "Lesson1\DotNetTraining.Lesson1.AssignmentOperators\DotNetTraining.Lesson1.AssignmentOperators.csproj", "{E67700F5-31C0-4C0D-9A0A-622C87CEA819}"
EndProject
Project("{FAE04EC0-301F-11D3-BF4B-00C04F79EFBC}") = "DotNetTraining.Lesson1.BitwiseOperators", "Lesson1\DotNetTraining.Lesson1.BitwiseOperators\DotNetTraining.Lesson1.BitwiseOperators.csproj", "{C18B087C-C3D5-4AC4-956D-2B288436693C}"
EndProject
Project("{FAE04EC0-301F-11D3-BF4B-00C04F79EFBC}") = "DotNetTraining.Lesson1.ConditionalExpressions", "Lesson1\DotNetTraining.Lesson1.ConditionalExpressions\DotNetTraining.Lesson1.ConditionalExpressions.csproj", "{2561B7A4-7D79-408A-8F59-D66F094E62A2}"
EndProject
Project("{FAE04EC0-301F-11D3-BF4B-00C04F79EFBC}") = "DotNetTraining.Lesson1.ConversionOperations", "Lesson1\DotNetTraining.Lesson1.ConversionOperations\DotNetTraining.Lesson1.ConversionOperations.csproj", "{5B49EEDC-B986-4972-A9C2-DEB7E6F3597A}"
EndProject
Project("{FAE04EC0-301F-11D3-BF4B-00C04F79EFBC}") = "DotNetTraining.Lesson1.LoopsAndArrays", "Lesson1\DotNetTraining.Lesson1.LoopsAndArrays\DotNetTraining.Lesson1.LoopsAndArrays.csproj", "{CF4DCC65-1CCB-4877-9A88-13A0CDB82145}"
EndProject
Project("{FAE04EC0-301F-11D3-BF4B-00C04F79EFBC}") = "DotNetTraining.Lesson1.NamespacesAndStaticImport", "Lesson1\DotNetTraining.Lesson1.NamespacesAndStaticImport\DotNetTraining.Lesson1.NamespacesAndStaticImport.csproj", "{DB915881-7637-4201-8465-D3BB6844F95F}"
EndProject
Project("{FAE04EC0-301F-11D3-BF4B-00C04F79EFBC}") = "DotNetTraining.Lesson1.Variables", "Lesson1\DotNetTraining.Lesson1.Variables\DotNetTraining.Lesson1.Variables.csproj", "{8DF8F2E3-198D-40E7-BB03-36BB53F08D9B}"
EndProject
Project("{FAE04EC0-301F-11D3-BF4B-00C04F79EFBC}") = "DotNetTraining.Lesson1.Presentation", "Lesson1\DotNetTraining.Lesson1.Presentation\DotNetTraining.Lesson1.Presentation.csproj", "{CCE16317-C679-47C6-82B0-BBF63B31142E}"
EndProject
Global
	GlobalSection(SolutionConfigurationPlatforms) = preSolution
		Debug|Any CPU = Debug|Any CPU
		Release|Any CPU = Release|Any CPU
	EndGlobalSection
	GlobalSection(ProjectConfigurationPlatforms) = postSolution
		{E0FC17F3-8EB4-4454-A062-D5FA0D16EA2D}.Debug|Any CPU.ActiveCfg = Debug|Any CPU
		{E0FC17F3-8EB4-4454-A062-D5FA0D16EA2D}.Debug|Any CPU.Build.0 = Debug|Any CPU
		{E0FC17F3-8EB4-4454-A062-D5FA0D16EA2D}.Release|Any CPU.ActiveCfg = Release|Any CPU
		{E0FC17F3-8EB4-4454-A062-D5FA0D16EA2D}.Release|Any CPU.Build.0 = Release|Any CPU
		{AD92FB9D-ED30-4593-99D5-DCD47075B500}.Debug|Any CPU.ActiveCfg = Debug|Any CPU
		{AD92FB9D-ED30-4593-99D5-DCD47075B500}.Debug|Any CPU.Build.0 = Debug|Any CPU
		{AD92FB9D-ED30-4593-99D5-DCD47075B500}.Release|Any CPU.ActiveCfg = Release|Any CPU
		{AD92FB9D-ED30-4593-99D5-DCD47075B500}.Release|Any CPU.Build.0 = Release|Any CPU
		{64E52919-FCAE-44E1-9AD5-2696967BF9DA}.Debug|Any CPU.ActiveCfg = Debug|Any CPU
		{64E52919-FCAE-44E1-9AD5-2696967BF9DA}.Debug|Any CPU.Build.0 = Debug|Any CPU
		{64E52919-FCAE-44E1-9AD5-2696967BF9DA}.Release|Any CPU.ActiveCfg = Release|Any CPU
		{64E52919-FCAE-44E1-9AD5-2696967BF9DA}.Release|Any CPU.Build.0 = Release|Any CPU
		{77EF19CD-1C99-4057-8B53-D6AF570C2568}.Debug|Any CPU.ActiveCfg = Debug|Any CPU
		{77EF19CD-1C99-4057-8B53-D6AF570C2568}.Debug|Any CPU.Build.0 = Debug|Any CPU
		{77EF19CD-1C99-4057-8B53-D6AF570C2568}.Release|Any CPU.ActiveCfg = Release|Any CPU
		{77EF19CD-1C99-4057-8B53-D6AF570C2568}.Release|Any CPU.Build.0 = Release|Any CPU
		{5C646365-CCD4-48D3-8BF3-E9ECC2EAE785}.Debug|Any CPU.ActiveCfg = Debug|Any CPU
		{5C646365-CCD4-48D3-8BF3-E9ECC2EAE785}.Debug|Any CPU.Build.0 = Debug|Any CPU
		{5C646365-CCD4-48D3-8BF3-E9ECC2EAE785}.Release|Any CPU.ActiveCfg = Release|Any CPU
		{5C646365-CCD4-48D3-8BF3-E9ECC2EAE785}.Release|Any CPU.Build.0 = Release|Any CPU
		{8BCB8101-8CA5-4C20-B38D-E08ECA2EAE80}.Debug|Any CPU.ActiveCfg = Debug|Any CPU
		{8BCB8101-8CA5-4C20-B38D-E08ECA2EAE80}.Debug|Any CPU.Build.0 = Debug|Any CPU
		{8BCB8101-8CA5-4C20-B38D-E08ECA2EAE80}.Release|Any CPU.ActiveCfg = Release|Any CPU
		{8BCB8101-8CA5-4C20-B38D-E08ECA2EAE80}.Release|Any CPU.Build.0 = Release|Any CPU
		{9FD1EC1B-0125-4672-9278-73B26C74257F}.Debug|Any CPU.ActiveCfg = Debug|Any CPU
		{9FD1EC1B-0125-4672-9278-73B26C74257F}.Debug|Any CPU.Build.0 = Debug|Any CPU
		{9FD1EC1B-0125-4672-9278-73B26C74257F}.Release|Any CPU.ActiveCfg = Release|Any CPU
		{9FD1EC1B-0125-4672-9278-73B26C74257F}.Release|Any CPU.Build.0 = Release|Any CPU
		{6B5920EC-E35B-4735-88A5-939339743543}.Debug|Any CPU.ActiveCfg = Debug|Any CPU
		{6B5920EC-E35B-4735-88A5-939339743543}.Debug|Any CPU.Build.0 = Debug|Any CPU
		{6B5920EC-E35B-4735-88A5-939339743543}.Release|Any CPU.ActiveCfg = Release|Any CPU
		{6B5920EC-E35B-4735-88A5-939339743543}.Release|Any CPU.Build.0 = Release|Any CPU
		{13BFE4D5-57EE-4B6C-B8FB-D09B77A1EF48}.Debug|Any CPU.ActiveCfg = Debug|Any CPU
		{13BFE4D5-57EE-4B6C-B8FB-D09B77A1EF48}.Debug|Any CPU.Build.0 = Debug|Any CPU
		{13BFE4D5-57EE-4B6C-B8FB-D09B77A1EF48}.Release|Any CPU.ActiveCfg = Release|Any CPU
		{13BFE4D5-57EE-4B6C-B8FB-D09B77A1EF48}.Release|Any CPU.Build.0 = Release|Any CPU
		{373EA58C-30A0-4909-81CF-6C78CC322579}.Debug|Any CPU.ActiveCfg = Debug|Any CPU
		{373EA58C-30A0-4909-81CF-6C78CC322579}.Debug|Any CPU.Build.0 = Debug|Any CPU
		{373EA58C-30A0-4909-81CF-6C78CC322579}.Release|Any CPU.ActiveCfg = Release|Any CPU
		{373EA58C-30A0-4909-81CF-6C78CC322579}.Release|Any CPU.Build.0 = Release|Any CPU
		{EA99533E-9C80-40F2-9AD3-00328F1FE16A}.Debug|Any CPU.ActiveCfg = Debug|Any CPU
		{EA99533E-9C80-40F2-9AD3-00328F1FE16A}.Debug|Any CPU.Build.0 = Debug|Any CPU
		{EA99533E-9C80-40F2-9AD3-00328F1FE16A}.Release|Any CPU.ActiveCfg = Release|Any CPU
		{EA99533E-9C80-40F2-9AD3-00328F1FE16A}.Release|Any CPU.Build.0 = Release|Any CPU
		{D9969E57-4C59-494E-ABD6-1FDC0C83A083}.Debug|Any CPU.ActiveCfg = Debug|Any CPU
		{D9969E57-4C59-494E-ABD6-1FDC0C83A083}.Debug|Any CPU.Build.0 = Debug|Any CPU
		{D9969E57-4C59-494E-ABD6-1FDC0C83A083}.Release|Any CPU.ActiveCfg = Release|Any CPU
		{D9969E57-4C59-494E-ABD6-1FDC0C83A083}.Release|Any CPU.Build.0 = Release|Any CPU
		{53905281-3CA5-4DAB-922B-4295C067E4F4}.Debug|Any CPU.ActiveCfg = Debug|Any CPU
		{53905281-3CA5-4DAB-922B-4295C067E4F4}.Debug|Any CPU.Build.0 = Debug|Any CPU
		{53905281-3CA5-4DAB-922B-4295C067E4F4}.Release|Any CPU.ActiveCfg = Release|Any CPU
		{53905281-3CA5-4DAB-922B-4295C067E4F4}.Release|Any CPU.Build.0 = Release|Any CPU
		{0E0BB073-E422-404C-8204-79B55873F073}.Debug|Any CPU.ActiveCfg = Debug|Any CPU
		{0E0BB073-E422-404C-8204-79B55873F073}.Debug|Any CPU.Build.0 = Debug|Any CPU
		{0E0BB073-E422-404C-8204-79B55873F073}.Release|Any CPU.ActiveCfg = Release|Any CPU
		{0E0BB073-E422-404C-8204-79B55873F073}.Release|Any CPU.Build.0 = Release|Any CPU
		{7C69F695-8E10-4818-A9D5-69EDF18EC5E2}.Debug|Any CPU.ActiveCfg = Debug|Any CPU
		{7C69F695-8E10-4818-A9D5-69EDF18EC5E2}.Debug|Any CPU.Build.0 = Debug|Any CPU
		{7C69F695-8E10-4818-A9D5-69EDF18EC5E2}.Release|Any CPU.ActiveCfg = Release|Any CPU
		{7C69F695-8E10-4818-A9D5-69EDF18EC5E2}.Release|Any CPU.Build.0 = Release|Any CPU
		{AD0D1567-7B83-4150-983E-F55C25F0BAE2}.Debug|Any CPU.ActiveCfg = Debug|Any CPU
		{AD0D1567-7B83-4150-983E-F55C25F0BAE2}.Debug|Any CPU.Build.0 = Debug|Any CPU
		{AD0D1567-7B83-4150-983E-F55C25F0BAE2}.Release|Any CPU.ActiveCfg = Release|Any CPU
		{AD0D1567-7B83-4150-983E-F55C25F0BAE2}.Release|Any CPU.Build.0 = Release|Any CPU
		{DCC1E4E4-A4FB-4EE9-9409-E73C4AD4011B}.Debug|Any CPU.ActiveCfg = Debug|Any CPU
		{DCC1E4E4-A4FB-4EE9-9409-E73C4AD4011B}.Debug|Any CPU.Build.0 = Debug|Any CPU
		{DCC1E4E4-A4FB-4EE9-9409-E73C4AD4011B}.Release|Any CPU.ActiveCfg = Release|Any CPU
		{DCC1E4E4-A4FB-4EE9-9409-E73C4AD4011B}.Release|Any CPU.Build.0 = Release|Any CPU
		{F6E2F300-62F9-4672-9659-EB715FB91C98}.Debug|Any CPU.ActiveCfg = Debug|Any CPU
		{F6E2F300-62F9-4672-9659-EB715FB91C98}.Debug|Any CPU.Build.0 = Debug|Any CPU
		{F6E2F300-62F9-4672-9659-EB715FB91C98}.Release|Any CPU.ActiveCfg = Release|Any CPU
		{F6E2F300-62F9-4672-9659-EB715FB91C98}.Release|Any CPU.Build.0 = Release|Any CPU
		{9A923000-A73D-4226-84C0-6C6FDE59E4CB}.Debug|Any CPU.ActiveCfg = Debug|Any CPU
		{9A923000-A73D-4226-84C0-6C6FDE59E4CB}.Debug|Any CPU.Build.0 = Debug|Any CPU
		{9A923000-A73D-4226-84C0-6C6FDE59E4CB}.Release|Any CPU.ActiveCfg = Release|Any CPU
		{9A923000-A73D-4226-84C0-6C6FDE59E4CB}.Release|Any CPU.Build.0 = Release|Any CPU
		{65559A6C-8F59-47AA-A088-DED9D0AB90CB}.Debug|Any CPU.ActiveCfg = Debug|Any CPU
		{65559A6C-8F59-47AA-A088-DED9D0AB90CB}.Debug|Any CPU.Build.0 = Debug|Any CPU
		{65559A6C-8F59-47AA-A088-DED9D0AB90CB}.Release|Any CPU.ActiveCfg = Release|Any CPU
		{65559A6C-8F59-47AA-A088-DED9D0AB90CB}.Release|Any CPU.Build.0 = Release|Any CPU
		{C7B02EC7-9775-4C7F-B95E-A6E9C7290D8D}.Debug|Any CPU.ActiveCfg = Debug|Any CPU
		{C7B02EC7-9775-4C7F-B95E-A6E9C7290D8D}.Debug|Any CPU.Build.0 = Debug|Any CPU
		{C7B02EC7-9775-4C7F-B95E-A6E9C7290D8D}.Release|Any CPU.ActiveCfg = Release|Any CPU
		{C7B02EC7-9775-4C7F-B95E-A6E9C7290D8D}.Release|Any CPU.Build.0 = Release|Any CPU
		{9F7BE2DF-CB84-4C3D-BC14-5B42172C402A}.Debug|Any CPU.ActiveCfg = Debug|Any CPU
		{9F7BE2DF-CB84-4C3D-BC14-5B42172C402A}.Debug|Any CPU.Build.0 = Debug|Any CPU
		{9F7BE2DF-CB84-4C3D-BC14-5B42172C402A}.Release|Any CPU.ActiveCfg = Release|Any CPU
		{9F7BE2DF-CB84-4C3D-BC14-5B42172C402A}.Release|Any CPU.Build.0 = Release|Any CPU
		{6EDCF7DE-D972-41EB-AFC9-5B9CB3A3E374}.Debug|Any CPU.ActiveCfg = Debug|Any CPU
		{6EDCF7DE-D972-41EB-AFC9-5B9CB3A3E374}.Debug|Any CPU.Build.0 = Debug|Any CPU
		{6EDCF7DE-D972-41EB-AFC9-5B9CB3A3E374}.Release|Any CPU.ActiveCfg = Release|Any CPU
		{6EDCF7DE-D972-41EB-AFC9-5B9CB3A3E374}.Release|Any CPU.Build.0 = Release|Any CPU
		{E325D29A-96D1-4C5F-A43E-2E33A729F174}.Debug|Any CPU.ActiveCfg = Debug|Any CPU
		{E325D29A-96D1-4C5F-A43E-2E33A729F174}.Debug|Any CPU.Build.0 = Debug|Any CPU
		{E325D29A-96D1-4C5F-A43E-2E33A729F174}.Release|Any CPU.ActiveCfg = Release|Any CPU
		{E325D29A-96D1-4C5F-A43E-2E33A729F174}.Release|Any CPU.Build.0 = Release|Any CPU
		{0329B752-1086-4329-A210-01ECAEF4B970}.Debug|Any CPU.ActiveCfg = Debug|Any CPU
		{0329B752-1086-4329-A210-01ECAEF4B970}.Debug|Any CPU.Build.0 = Debug|Any CPU
		{0329B752-1086-4329-A210-01ECAEF4B970}.Release|Any CPU.ActiveCfg = Release|Any CPU
		{0329B752-1086-4329-A210-01ECAEF4B970}.Release|Any CPU.Build.0 = Release|Any CPU
		{D6FE3B88-41A2-42F0-82EA-3223AFD42FA7}.Debug|Any CPU.ActiveCfg = Debug|Any CPU
		{D6FE3B88-41A2-42F0-82EA-3223AFD42FA7}.Debug|Any CPU.Build.0 = Debug|Any CPU
		{D6FE3B88-41A2-42F0-82EA-3223AFD42FA7}.Release|Any CPU.ActiveCfg = Release|Any CPU
		{D6FE3B88-41A2-42F0-82EA-3223AFD42FA7}.Release|Any CPU.Build.0 = Release|Any CPU
		{594A91C1-FC72-4FD1-A2EE-0C2E465F3ADE}.Debug|Any CPU.ActiveCfg = Debug|Any CPU
		{594A91C1-FC72-4FD1-A2EE-0C2E465F3ADE}.Debug|Any CPU.Build.0 = Debug|Any CPU
		{594A91C1-FC72-4FD1-A2EE-0C2E465F3ADE}.Release|Any CPU.ActiveCfg = Release|Any CPU
		{594A91C1-FC72-4FD1-A2EE-0C2E465F3ADE}.Release|Any CPU.Build.0 = Release|Any CPU
		{B75F1D25-B400-4C69-9AC3-452DD56FF3C5}.Debug|Any CPU.ActiveCfg = Debug|Any CPU
		{B75F1D25-B400-4C69-9AC3-452DD56FF3C5}.Debug|Any CPU.Build.0 = Debug|Any CPU
		{B75F1D25-B400-4C69-9AC3-452DD56FF3C5}.Release|Any CPU.ActiveCfg = Release|Any CPU
		{B75F1D25-B400-4C69-9AC3-452DD56FF3C5}.Release|Any CPU.Build.0 = Release|Any CPU
		{181B858D-BBE5-4834-979B-480153F007B7}.Debug|Any CPU.ActiveCfg = Debug|Any CPU
		{181B858D-BBE5-4834-979B-480153F007B7}.Debug|Any CPU.Build.0 = Debug|Any CPU
		{181B858D-BBE5-4834-979B-480153F007B7}.Release|Any CPU.ActiveCfg = Release|Any CPU
		{181B858D-BBE5-4834-979B-480153F007B7}.Release|Any CPU.Build.0 = Release|Any CPU
		{8BD6962D-4873-4893-BF52-5FFD225E1C54}.Debug|Any CPU.ActiveCfg = Debug|Any CPU
		{8BD6962D-4873-4893-BF52-5FFD225E1C54}.Debug|Any CPU.Build.0 = Debug|Any CPU
		{8BD6962D-4873-4893-BF52-5FFD225E1C54}.Release|Any CPU.ActiveCfg = Release|Any CPU
		{8BD6962D-4873-4893-BF52-5FFD225E1C54}.Release|Any CPU.Build.0 = Release|Any CPU
		{38FF4331-3FD2-496A-AF77-8E455AB4F20A}.Debug|Any CPU.ActiveCfg = Debug|Any CPU
		{38FF4331-3FD2-496A-AF77-8E455AB4F20A}.Debug|Any CPU.Build.0 = Debug|Any CPU
		{38FF4331-3FD2-496A-AF77-8E455AB4F20A}.Release|Any CPU.ActiveCfg = Release|Any CPU
		{38FF4331-3FD2-496A-AF77-8E455AB4F20A}.Release|Any CPU.Build.0 = Release|Any CPU
		{61CD191A-F278-4510-8944-DFB6A6D54491}.Debug|Any CPU.ActiveCfg = Debug|Any CPU
		{61CD191A-F278-4510-8944-DFB6A6D54491}.Debug|Any CPU.Build.0 = Debug|Any CPU
		{61CD191A-F278-4510-8944-DFB6A6D54491}.Release|Any CPU.ActiveCfg = Release|Any CPU
		{61CD191A-F278-4510-8944-DFB6A6D54491}.Release|Any CPU.Build.0 = Release|Any CPU
		{EF8CC027-C630-4379-BADD-B952A322FB57}.Debug|Any CPU.ActiveCfg = Debug|Any CPU
		{EF8CC027-C630-4379-BADD-B952A322FB57}.Debug|Any CPU.Build.0 = Debug|Any CPU
		{EF8CC027-C630-4379-BADD-B952A322FB57}.Release|Any CPU.ActiveCfg = Release|Any CPU
		{EF8CC027-C630-4379-BADD-B952A322FB57}.Release|Any CPU.Build.0 = Release|Any CPU
		{8AC20410-A169-458B-A289-752759DD2665}.Debug|Any CPU.ActiveCfg = Debug|Any CPU
		{8AC20410-A169-458B-A289-752759DD2665}.Debug|Any CPU.Build.0 = Debug|Any CPU
		{8AC20410-A169-458B-A289-752759DD2665}.Release|Any CPU.ActiveCfg = Release|Any CPU
		{8AC20410-A169-458B-A289-752759DD2665}.Release|Any CPU.Build.0 = Release|Any CPU
		{33E9ECD6-C4D2-4AC0-9B62-CC856E857383}.Debug|Any CPU.ActiveCfg = Debug|Any CPU
		{33E9ECD6-C4D2-4AC0-9B62-CC856E857383}.Debug|Any CPU.Build.0 = Debug|Any CPU
		{33E9ECD6-C4D2-4AC0-9B62-CC856E857383}.Release|Any CPU.ActiveCfg = Release|Any CPU
		{33E9ECD6-C4D2-4AC0-9B62-CC856E857383}.Release|Any CPU.Build.0 = Release|Any CPU
		{E67700F5-31C0-4C0D-9A0A-622C87CEA819}.Debug|Any CPU.ActiveCfg = Debug|Any CPU
		{E67700F5-31C0-4C0D-9A0A-622C87CEA819}.Debug|Any CPU.Build.0 = Debug|Any CPU
		{E67700F5-31C0-4C0D-9A0A-622C87CEA819}.Release|Any CPU.ActiveCfg = Release|Any CPU
		{E67700F5-31C0-4C0D-9A0A-622C87CEA819}.Release|Any CPU.Build.0 = Release|Any CPU
		{C18B087C-C3D5-4AC4-956D-2B288436693C}.Debug|Any CPU.ActiveCfg = Debug|Any CPU
		{C18B087C-C3D5-4AC4-956D-2B288436693C}.Debug|Any CPU.Build.0 = Debug|Any CPU
		{C18B087C-C3D5-4AC4-956D-2B288436693C}.Release|Any CPU.ActiveCfg = Release|Any CPU
		{C18B087C-C3D5-4AC4-956D-2B288436693C}.Release|Any CPU.Build.0 = Release|Any CPU
		{2561B7A4-7D79-408A-8F59-D66F094E62A2}.Debug|Any CPU.ActiveCfg = Debug|Any CPU
		{2561B7A4-7D79-408A-8F59-D66F094E62A2}.Debug|Any CPU.Build.0 = Debug|Any CPU
		{2561B7A4-7D79-408A-8F59-D66F094E62A2}.Release|Any CPU.ActiveCfg = Release|Any CPU
		{2561B7A4-7D79-408A-8F59-D66F094E62A2}.Release|Any CPU.Build.0 = Release|Any CPU
		{5B49EEDC-B986-4972-A9C2-DEB7E6F3597A}.Debug|Any CPU.ActiveCfg = Debug|Any CPU
		{5B49EEDC-B986-4972-A9C2-DEB7E6F3597A}.Debug|Any CPU.Build.0 = Debug|Any CPU
		{5B49EEDC-B986-4972-A9C2-DEB7E6F3597A}.Release|Any CPU.ActiveCfg = Release|Any CPU
		{5B49EEDC-B986-4972-A9C2-DEB7E6F3597A}.Release|Any CPU.Build.0 = Release|Any CPU
		{CF4DCC65-1CCB-4877-9A88-13A0CDB82145}.Debug|Any CPU.ActiveCfg = Debug|Any CPU
		{CF4DCC65-1CCB-4877-9A88-13A0CDB82145}.Debug|Any CPU.Build.0 = Debug|Any CPU
		{CF4DCC65-1CCB-4877-9A88-13A0CDB82145}.Release|Any CPU.ActiveCfg = Release|Any CPU
		{CF4DCC65-1CCB-4877-9A88-13A0CDB82145}.Release|Any CPU.Build.0 = Release|Any CPU
		{DB915881-7637-4201-8465-D3BB6844F95F}.Debug|Any CPU.ActiveCfg = Debug|Any CPU
		{DB915881-7637-4201-8465-D3BB6844F95F}.Debug|Any CPU.Build.0 = Debug|Any CPU
		{DB915881-7637-4201-8465-D3BB6844F95F}.Release|Any CPU.ActiveCfg = Release|Any CPU
		{DB915881-7637-4201-8465-D3BB6844F95F}.Release|Any CPU.Build.0 = Release|Any CPU
		{8DF8F2E3-198D-40E7-BB03-36BB53F08D9B}.Debug|Any CPU.ActiveCfg = Debug|Any CPU
		{8DF8F2E3-198D-40E7-BB03-36BB53F08D9B}.Debug|Any CPU.Build.0 = Debug|Any CPU
		{8DF8F2E3-198D-40E7-BB03-36BB53F08D9B}.Release|Any CPU.ActiveCfg = Release|Any CPU
		{8DF8F2E3-198D-40E7-BB03-36BB53F08D9B}.Release|Any CPU.Build.0 = Release|Any CPU
		{CCE16317-C679-47C6-82B0-BBF63B31142E}.Debug|Any CPU.ActiveCfg = Debug|Any CPU
		{CCE16317-C679-47C6-82B0-BBF63B31142E}.Debug|Any CPU.Build.0 = Debug|Any CPU
		{CCE16317-C679-47C6-82B0-BBF63B31142E}.Release|Any CPU.ActiveCfg = Release|Any CPU
		{CCE16317-C679-47C6-82B0-BBF63B31142E}.Release|Any CPU.Build.0 = Release|Any CPU
	EndGlobalSection
	GlobalSection(SolutionProperties) = preSolution
		HideSolutionNode = FALSE
	EndGlobalSection
	GlobalSection(NestedProjects) = preSolution
		{E0FC17F3-8EB4-4454-A062-D5FA0D16EA2D} = {19E304ED-BA58-4920-B553-987FDE90C840}
		{AD92FB9D-ED30-4593-99D5-DCD47075B500} = {19E304ED-BA58-4920-B553-987FDE90C840}
		{64E52919-FCAE-44E1-9AD5-2696967BF9DA} = {19E304ED-BA58-4920-B553-987FDE90C840}
		{77EF19CD-1C99-4057-8B53-D6AF570C2568} = {19E304ED-BA58-4920-B553-987FDE90C840}
		{5C646365-CCD4-48D3-8BF3-E9ECC2EAE785} = {19E304ED-BA58-4920-B553-987FDE90C840}
		{8BCB8101-8CA5-4C20-B38D-E08ECA2EAE80} = {19E304ED-BA58-4920-B553-987FDE90C840}
		{9FD1EC1B-0125-4672-9278-73B26C74257F} = {19E304ED-BA58-4920-B553-987FDE90C840}
		{6B5920EC-E35B-4735-88A5-939339743543} = {19E304ED-BA58-4920-B553-987FDE90C840}
		{13BFE4D5-57EE-4B6C-B8FB-D09B77A1EF48} = {19E304ED-BA58-4920-B553-987FDE90C840}
		{373EA58C-30A0-4909-81CF-6C78CC322579} = {6B81073B-0131-4C64-B14B-28E63AE23334}
		{EA99533E-9C80-40F2-9AD3-00328F1FE16A} = {6B81073B-0131-4C64-B14B-28E63AE23334}
		{D9969E57-4C59-494E-ABD6-1FDC0C83A083} = {6B81073B-0131-4C64-B14B-28E63AE23334}
		{53905281-3CA5-4DAB-922B-4295C067E4F4} = {6B81073B-0131-4C64-B14B-28E63AE23334}
		{0E0BB073-E422-404C-8204-79B55873F073} = {ABC68B11-477F-438A-97CB-7394971F0327}
		{7C69F695-8E10-4818-A9D5-69EDF18EC5E2} = {ABC68B11-477F-438A-97CB-7394971F0327}
		{AD0D1567-7B83-4150-983E-F55C25F0BAE2} = {ABC68B11-477F-438A-97CB-7394971F0327}
		{DCC1E4E4-A4FB-4EE9-9409-E73C4AD4011B} = {ABC68B11-477F-438A-97CB-7394971F0327}
		{F6E2F300-62F9-4672-9659-EB715FB91C98} = {ABC68B11-477F-438A-97CB-7394971F0327}
		{9A923000-A73D-4226-84C0-6C6FDE59E4CB} = {DD274DC7-FAE8-40C4-858B-2F53F8C2659C}
		{65559A6C-8F59-47AA-A088-DED9D0AB90CB} = {DD274DC7-FAE8-40C4-858B-2F53F8C2659C}
		{C7B02EC7-9775-4C7F-B95E-A6E9C7290D8D} = {DD274DC7-FAE8-40C4-858B-2F53F8C2659C}
		{9F7BE2DF-CB84-4C3D-BC14-5B42172C402A} = {F53ED05F-DD6C-4302-BFCD-588EB3D182E8}
		{6EDCF7DE-D972-41EB-AFC9-5B9CB3A3E374} = {F53ED05F-DD6C-4302-BFCD-588EB3D182E8}
		{E325D29A-96D1-4C5F-A43E-2E33A729F174} = {F53ED05F-DD6C-4302-BFCD-588EB3D182E8}
		{0329B752-1086-4329-A210-01ECAEF4B970} = {F53ED05F-DD6C-4302-BFCD-588EB3D182E8}
		{D6FE3B88-41A2-42F0-82EA-3223AFD42FA7} = {5A7818A3-E239-45B2-A166-B6D968977197}
		{594A91C1-FC72-4FD1-A2EE-0C2E465F3ADE} = {5A7818A3-E239-45B2-A166-B6D968977197}
		{B75F1D25-B400-4C69-9AC3-452DD56FF3C5} = {5A7818A3-E239-45B2-A166-B6D968977197}
		{181B858D-BBE5-4834-979B-480153F007B7} = {5A7818A3-E239-45B2-A166-B6D968977197}
		{8BD6962D-4873-4893-BF52-5FFD225E1C54} = {0CAE4752-8EA3-4E8A-A06D-19149524BD4D}
		{38FF4331-3FD2-496A-AF77-8E455AB4F20A} = {0CAE4752-8EA3-4E8A-A06D-19149524BD4D}
		{61CD191A-F278-4510-8944-DFB6A6D54491} = {95D9B452-2AB7-42BE-9E57-442D39D4886D}
		{EF8CC027-C630-4379-BADD-B952A322FB57} = {95D9B452-2AB7-42BE-9E57-442D39D4886D}
		{8AC20410-A169-458B-A289-752759DD2665} = {95D9B452-2AB7-42BE-9E57-442D39D4886D}
		{33E9ECD6-C4D2-4AC0-9B62-CC856E857383} = {30301EB4-A81E-4E9F-9677-944DE9DA2F91}
		{E67700F5-31C0-4C0D-9A0A-622C87CEA819} = {30301EB4-A81E-4E9F-9677-944DE9DA2F91}
		{C18B087C-C3D5-4AC4-956D-2B288436693C} = {30301EB4-A81E-4E9F-9677-944DE9DA2F91}
		{2561B7A4-7D79-408A-8F59-D66F094E62A2} = {30301EB4-A81E-4E9F-9677-944DE9DA2F91}
		{5B49EEDC-B986-4972-A9C2-DEB7E6F3597A} = {30301EB4-A81E-4E9F-9677-944DE9DA2F91}
		{CF4DCC65-1CCB-4877-9A88-13A0CDB82145} = {30301EB4-A81E-4E9F-9677-944DE9DA2F91}
		{DB915881-7637-4201-8465-D3BB6844F95F} = {30301EB4-A81E-4E9F-9677-944DE9DA2F91}
		{8DF8F2E3-198D-40E7-BB03-36BB53F08D9B} = {30301EB4-A81E-4E9F-9677-944DE9DA2F91}
		{CCE16317-C679-47C6-82B0-BBF63B31142E} = {30301EB4-A81E-4E9F-9677-944DE9DA2F91}
	EndGlobalSection
	GlobalSection(ExtensibilityGlobals) = postSolution
		SolutionGuid = {27A0F800-A4FF-4497-8710-9CFDB6691772}
	EndGlobalSection
EndGlobal
