
Microsoft Visual Studio Solution File, Format Version 12.00
# Visual Studio Version 16
VisualStudioVersion = 16.0.29709.97
MinimumVisualStudioVersion = 15.0.26124.0
Project("{2150E333-8FDC-42A3-9474-1A3956D46DE8}") = "Lesson1", "Lesson1", "{C2CD1767-B059-4B1B-8FE3-4798DCC6955A}"
EndProject
Project("{2150E333-8FDC-42A3-9474-1A3956D46DE8}") = "Lesson2", "Lesson2", "{AEEEC612-BF39-4DB4-B5DA-EB492BAB37FE}"
EndProject
Project("{9A19103F-16F7-4668-BE54-9A1E7A4F7556}") = "DotNetTraining.Lesson2.Methods", "DotNetTraining.Lesson2.Methods\DotNetTraining.Lesson2.Methods.csproj", "{508728F5-B286-47D6-B545-AA77F16C89C6}"
EndProject
Project("{9A19103F-16F7-4668-BE54-9A1E7A4F7556}") = "DotNetTraining.Lesson2.Presentation", "DotNetTraining.Lesson2.Presentation\DotNetTraining.Lesson2.Presentation.csproj", "{BD720237-635D-4C4C-A071-2861393A842D}"
EndProject
Project("{9A19103F-16F7-4668-BE54-9A1E7A4F7556}") = "DotNetTraining.Lesson2.Args", "DotNetTraining.Lesson2.Args\DotNetTraining.Lesson2.Args.csproj", "{11F7FEA4-4B69-410B-B9BF-17F637C4D47D}"
EndProject
Project("{9A19103F-16F7-4668-BE54-9A1E7A4F7556}") = "DotNetTraining.Lesson2.RecursiveMethods", "DotNetTraining.Lesson2.RecursiveMethods\DotNetTraining.Lesson2.RecursiveMethods.csproj", "{E5C97BE7-1025-4B34-9565-BBD001D25B14}"
EndProject
Project("{9A19103F-16F7-4668-BE54-9A1E7A4F7556}") = "DotNetTraining.Lesson2.Enums", "DotNetTraining.Lesson2.Enums\DotNetTraining.Lesson2.Enums.csproj", "{0E14D112-3286-4A7A-AB1F-3DF00CAD1D3B}"
EndProject
Project("{FAE04EC0-301F-11D3-BF4B-00C04F79EFBC}") = "DotNetTraining.Lesson2.Classes", "DotNetTraining.Lesson2.Classes\DotNetTraining.Lesson2.Classes.csproj", "{AB6FAEDD-36F9-4E1A-BF13-611728668782}"
EndProject
Project("{FAE04EC0-301F-11D3-BF4B-00C04F79EFBC}") = "DotNetTraining.Lesson2.Tuple", "DotNetTraining.Lesson2.Tuple\DotNetTraining.Lesson2.Tuple.csproj", "{2379E5AD-3A68-4F77-8F40-5ABC3DCBCCF5}"
EndProject
Project("{FAE04EC0-301F-11D3-BF4B-00C04F79EFBC}") = "DotNetTraining.Lesson2.Structures", "DotNetTraining.Lesson2.Structures\DotNetTraining.Lesson2.Structures.csproj", "{6517EF6A-1C8C-4DE3-A650-DF4D5C6F39D7}"
EndProject
Global
	GlobalSection(SolutionConfigurationPlatforms) = preSolution
		Debug|Any CPU = Debug|Any CPU
		Release|Any CPU = Release|Any CPU
	EndGlobalSection
	GlobalSection(ProjectConfigurationPlatforms) = postSolution
		{508728F5-B286-47D6-B545-AA77F16C89C6}.Debug|Any CPU.ActiveCfg = Debug|Any CPU
		{508728F5-B286-47D6-B545-AA77F16C89C6}.Debug|Any CPU.Build.0 = Debug|Any CPU
		{508728F5-B286-47D6-B545-AA77F16C89C6}.Release|Any CPU.ActiveCfg = Release|Any CPU
		{508728F5-B286-47D6-B545-AA77F16C89C6}.Release|Any CPU.Build.0 = Release|Any CPU
		{BD720237-635D-4C4C-A071-2861393A842D}.Debug|Any CPU.ActiveCfg = Debug|Any CPU
		{BD720237-635D-4C4C-A071-2861393A842D}.Debug|Any CPU.Build.0 = Debug|Any CPU
		{BD720237-635D-4C4C-A071-2861393A842D}.Release|Any CPU.ActiveCfg = Release|Any CPU
		{BD720237-635D-4C4C-A071-2861393A842D}.Release|Any CPU.Build.0 = Release|Any CPU
		{11F7FEA4-4B69-410B-B9BF-17F637C4D47D}.Debug|Any CPU.ActiveCfg = Debug|Any CPU
		{11F7FEA4-4B69-410B-B9BF-17F637C4D47D}.Debug|Any CPU.Build.0 = Debug|Any CPU
		{11F7FEA4-4B69-410B-B9BF-17F637C4D47D}.Release|Any CPU.ActiveCfg = Release|Any CPU
		{11F7FEA4-4B69-410B-B9BF-17F637C4D47D}.Release|Any CPU.Build.0 = Release|Any CPU
		{E5C97BE7-1025-4B34-9565-BBD001D25B14}.Debug|Any CPU.ActiveCfg = Debug|Any CPU
		{E5C97BE7-1025-4B34-9565-BBD001D25B14}.Debug|Any CPU.Build.0 = Debug|Any CPU
		{E5C97BE7-1025-4B34-9565-BBD001D25B14}.Release|Any CPU.ActiveCfg = Release|Any CPU
		{E5C97BE7-1025-4B34-9565-BBD001D25B14}.Release|Any CPU.Build.0 = Release|Any CPU
		{0E14D112-3286-4A7A-AB1F-3DF00CAD1D3B}.Debug|Any CPU.ActiveCfg = Debug|Any CPU
		{0E14D112-3286-4A7A-AB1F-3DF00CAD1D3B}.Debug|Any CPU.Build.0 = Debug|Any CPU
		{0E14D112-3286-4A7A-AB1F-3DF00CAD1D3B}.Release|Any CPU.ActiveCfg = Release|Any CPU
		{0E14D112-3286-4A7A-AB1F-3DF00CAD1D3B}.Release|Any CPU.Build.0 = Release|Any CPU
		{AB6FAEDD-36F9-4E1A-BF13-611728668782}.Debug|Any CPU.ActiveCfg = Debug|Any CPU
		{AB6FAEDD-36F9-4E1A-BF13-611728668782}.Debug|Any CPU.Build.0 = Debug|Any CPU
		{AB6FAEDD-36F9-4E1A-BF13-611728668782}.Release|Any CPU.ActiveCfg = Release|Any CPU
		{AB6FAEDD-36F9-4E1A-BF13-611728668782}.Release|Any CPU.Build.0 = Release|Any CPU
		{2379E5AD-3A68-4F77-8F40-5ABC3DCBCCF5}.Debug|Any CPU.ActiveCfg = Debug|Any CPU
		{2379E5AD-3A68-4F77-8F40-5ABC3DCBCCF5}.Debug|Any CPU.Build.0 = Debug|Any CPU
		{2379E5AD-3A68-4F77-8F40-5ABC3DCBCCF5}.Release|Any CPU.ActiveCfg = Release|Any CPU
		{2379E5AD-3A68-4F77-8F40-5ABC3DCBCCF5}.Release|Any CPU.Build.0 = Release|Any CPU
		{6517EF6A-1C8C-4DE3-A650-DF4D5C6F39D7}.Debug|Any CPU.ActiveCfg = Debug|Any CPU
		{6517EF6A-1C8C-4DE3-A650-DF4D5C6F39D7}.Debug|Any CPU.Build.0 = Debug|Any CPU
		{6517EF6A-1C8C-4DE3-A650-DF4D5C6F39D7}.Release|Any CPU.ActiveCfg = Release|Any CPU
		{6517EF6A-1C8C-4DE3-A650-DF4D5C6F39D7}.Release|Any CPU.Build.0 = Release|Any CPU
	EndGlobalSection
	GlobalSection(SolutionProperties) = preSolution
		HideSolutionNode = FALSE
	EndGlobalSection
	GlobalSection(NestedProjects) = preSolution
		{508728F5-B286-47D6-B545-AA77F16C89C6} = {AEEEC612-BF39-4DB4-B5DA-EB492BAB37FE}
		{BD720237-635D-4C4C-A071-2861393A842D} = {AEEEC612-BF39-4DB4-B5DA-EB492BAB37FE}
		{11F7FEA4-4B69-410B-B9BF-17F637C4D47D} = {AEEEC612-BF39-4DB4-B5DA-EB492BAB37FE}
		{E5C97BE7-1025-4B34-9565-BBD001D25B14} = {AEEEC612-BF39-4DB4-B5DA-EB492BAB37FE}
		{0E14D112-3286-4A7A-AB1F-3DF00CAD1D3B} = {AEEEC612-BF39-4DB4-B5DA-EB492BAB37FE}
		{AB6FAEDD-36F9-4E1A-BF13-611728668782} = {AEEEC612-BF39-4DB4-B5DA-EB492BAB37FE}
		{2379E5AD-3A68-4F77-8F40-5ABC3DCBCCF5} = {AEEEC612-BF39-4DB4-B5DA-EB492BAB37FE}
		{6517EF6A-1C8C-4DE3-A650-DF4D5C6F39D7} = {AEEEC612-BF39-4DB4-B5DA-EB492BAB37FE}
	EndGlobalSection
	GlobalSection(ExtensibilityGlobals) = postSolution
		SolutionGuid = {27A0F800-A4FF-4497-8710-9CFDB6691772}
	EndGlobalSection
EndGlobal
