
Microsoft Visual Studio Solution File, Format Version 12.00
# Visual Studio Version 16
VisualStudioVersion = 16.0.29709.97
MinimumVisualStudioVersion = 15.0.26124.0
Project("{2150E333-8FDC-42A3-9474-1A3956D46DE8}") = "Lesson1", "Lesson1", "{C2CD1767-B059-4B1B-8FE3-4798DCC6955A}"
EndProject
Project("{2150E333-8FDC-42A3-9474-1A3956D46DE8}") = "Lesson2", "Lesson2", "{AEEEC612-BF39-4DB4-B5DA-EB492BAB37FE}"
EndProject
Project("{9A19103F-16F7-4668-BE54-9A1E7A4F7556}") = "DotNetTraining.Lesson2.Methods", "DotNetTraining.Lesson2.Methods\DotNetTraining.Lesson2.Methods.csproj", "{508728F5-B286-47D6-B545-AA77F16C89C6}"
EndProject
Project("{9A19103F-16F7-4668-BE54-9A1E7A4F7556}") = "DotNetTraining.Lesson2.Presentation", "DotNetTraining.Lesson2.Presentation\DotNetTraining.Lesson2.Presentation.csproj", "{BD720237-635D-4C4C-A071-2861393A842D}"
EndProject
Project("{9A19103F-16F7-4668-BE54-9A1E7A4F7556}") = "DotNetTraining.Lesson2.Args", "DotNetTraining.Lesson2.Args\DotNetTraining.Lesson2.Args.csproj", "{11F7FEA4-4B69-410B-B9BF-17F637C4D47D}"
EndProject
Project("{9A19103F-16F7-4668-BE54-9A1E7A4F7556}") = "DotNetTraining.Lesson2.RecursiveMethods", "DotNetTraining.Lesson2.RecursiveMethods\DotNetTraining.Lesson2.RecursiveMethods.csproj", "{E5C97BE7-1025-4B34-9565-BBD001D25B14}"
EndProject
Project("{9A19103F-16F7-4668-BE54-9A1E7A4F7556}") = "DotNetTraining.Lesson2.Enums", "DotNetTraining.Lesson2.Enums\DotNetTraining.Lesson2.Enums.csproj", "{0E14D112-3286-4A7A-AB1F-3DF00CAD1D3B}"
EndProject
Project("{9A19103F-16F7-4668-BE54-9A1E7A4F7556}") = "DotNetTraining.Lesson2.Classes", "DotNetTraining.Lesson2.Classes\DotNetTraining.Lesson2.Classes.csproj", "{AB6FAEDD-36F9-4E1A-BF13-611728668782}"
EndProject
Project("{9A19103F-16F7-4668-BE54-9A1E7A4F7556}") = "DotNetTraining.Lesson2.Tuple", "DotNetTraining.Lesson2.Tuple\DotNetTraining.Lesson2.Tuple.csproj", "{2379E5AD-3A68-4F77-8F40-5ABC3DCBCCF5}"
EndProject
Project("{9A19103F-16F7-4668-BE54-9A1E7A4F7556}") = "DotNetTraining.Lesson2.Structures", "DotNetTraining.Lesson2.Structures\DotNetTraining.Lesson2.Structures.csproj", "{6517EF6A-1C8C-4DE3-A650-DF4D5C6F39D7}"
EndProject
Project("{9A19103F-16F7-4668-BE54-9A1E7A4F7556}") = "DotNetTraining.Lesson2.Partial", "DotNetTraining.Lesson2.Partial\DotNetTraining.Lesson2.Partial.csproj", "{9A75629E-9FB0-4EE6-8B7F-AA6F80320C25}"
EndProject
Project("{2150E333-8FDC-42A3-9474-1A3956D46DE8}") = "Lesson4", "Lesson4", "{BBE44A22-6F3E-4802-9A74-7D65824CD698}"
EndProject
Project("{9A19103F-16F7-4668-BE54-9A1E7A4F7556}") = "DotNetTraining.Lesson4.Presentation", "DotNetTraining.Lesson4.Presentation\DotNetTraining.Lesson4.Presentation.csproj", "{EA98A4FF-E56D-4D90-B250-498FDF3E4ED6}"
EndProject
Project("{9A19103F-16F7-4668-BE54-9A1E7A4F7556}") = "DotNetTraining.Lesson4.Tests", "DotNetTraining.Lesson4.Tests\DotNetTraining.Lesson4.Tests.csproj", "{90FD7826-D6CD-48E7-86E8-0CFA53BDF679}"
EndProject
Project("{9A19103F-16F7-4668-BE54-9A1E7A4F7556}") = "DotNetTraining.Lesson4.Calculator", "DotNetTraining.Lesson4.Calculator\DotNetTraining.Lesson4.Calculator.csproj", "{A3ECCE8A-8133-4703-B5AE-1C111BD47BF7}"
EndProject
Project("{9A19103F-16F7-4668-BE54-9A1E7A4F7556}") = "DotNetTraining.Lesson4.MoqClasses", "DotNetTraining.Lesson4.MoqClasses\DotNetTraining.Lesson4.MoqClasses.csproj", "{997BF0D7-5985-41CE-B37D-1CACEBEC16CB}"
EndProject
Project("{9A19103F-16F7-4668-BE54-9A1E7A4F7556}") = "DotNetTraining.Lesson4.Principles", "DotNetTraining.Lesson4.Principles\DotNetTraining.Lesson4.Principles.csproj", "{41A6626C-6E1D-4297-ABF1-59D0196AAC20}"
EndProject
Project("{FAE04EC0-301F-11D3-BF4B-00C04F79EFBC}") = "DotNetTraining.Lesson1.Presentation", "DotNetTraining.Lesson1.Presentation\DotNetTraining.Lesson1.Presentation.csproj", "{BFB27969-9D70-4E32-8E44-8547ECB4CA8E}"
EndProject
Project("{FAE04EC0-301F-11D3-BF4B-00C04F79EFBC}") = "DotNetTraining.Lesson1.Variables", "DotNetTraining.Lesson1.Variables\DotNetTraining.Lesson1.Variables.csproj", "{E11939AD-30F4-4F00-9804-4100338E920B}"
EndProject
Project("{FAE04EC0-301F-11D3-BF4B-00C04F79EFBC}") = "DotNetTraining.Lesson1.ArithmeticOperators", "DotNetTraining.Lesson1.ArithmeticOperators\DotNetTraining.Lesson1.ArithmeticOperators.csproj", "{B53E689A-4B42-457C-B26C-1D26133F7630}"
EndProject
Project("{FAE04EC0-301F-11D3-BF4B-00C04F79EFBC}") = "DotNetTraining.Lesson1.BitwiseOperators", "DotNetTraining.Lesson1.BitwiseOperators\DotNetTraining.Lesson1.BitwiseOperators.csproj", "{1F6EE359-570B-42B4-A5C4-3C7696C389D7}"
EndProject
Project("{FAE04EC0-301F-11D3-BF4B-00C04F79EFBC}") = "DotNetTraining.Lesson1.AssignmentOperators", "DotNetTraining.Lesson1.AssignmentOperators\DotNetTraining.Lesson1.AssignmentOperators.csproj", "{F2BBD8C8-EACA-4649-B4B3-C367DA28B883}"
EndProject
Project("{FAE04EC0-301F-11D3-BF4B-00C04F79EFBC}") = "DotNetTraining.Lesson1.ConversionOperations", "DotNetTraining.Lesson1.ConversionOperations\DotNetTraining.Lesson1.ConversionOperations.csproj", "{BE5AFDC3-3549-449B-A61F-600E02B447B6}"
EndProject
Project("{FAE04EC0-301F-11D3-BF4B-00C04F79EFBC}") = "DotNetTraining.Lesson1.ConditionalExpressionsAndStatements", "DotNetTraining.Lesson1.ConditionalExpressions\DotNetTraining.Lesson1.ConditionalExpressionsAndStatements.csproj", "{2247BDC9-13F0-42C1-8752-D40C5029CE15}"
EndProject
Project("{FAE04EC0-301F-11D3-BF4B-00C04F79EFBC}") = "DotNetTraining.Lesson1.LoopsAndArrays", "DotNetTraining.Lesson1.LoopsAndArrays\DotNetTraining.Lesson1.LoopsAndArrays.csproj", "{6DA9F95A-7583-49B7-B6C4-19042A3A38F5}"
EndProject
Project("{FAE04EC0-301F-11D3-BF4B-00C04F79EFBC}") = "DotNetTraining.Lesson1.NamespacesAndStaticImport", "DotNetTraining.Lesson1.NamespacesAndStaticImport\DotNetTraining.Lesson1.NamespacesAndStaticImport.csproj", "{E0BC7E8D-CDB6-48A7-A118-9AA0E04A1209}"
EndProject
Global
	GlobalSection(SolutionConfigurationPlatforms) = preSolution
		Debug|Any CPU = Debug|Any CPU
		Release|Any CPU = Release|Any CPU
	EndGlobalSection
	GlobalSection(ProjectConfigurationPlatforms) = postSolution
		{508728F5-B286-47D6-B545-AA77F16C89C6}.Debug|Any CPU.ActiveCfg = Debug|Any CPU
		{508728F5-B286-47D6-B545-AA77F16C89C6}.Debug|Any CPU.Build.0 = Debug|Any CPU
		{508728F5-B286-47D6-B545-AA77F16C89C6}.Release|Any CPU.ActiveCfg = Release|Any CPU
		{508728F5-B286-47D6-B545-AA77F16C89C6}.Release|Any CPU.Build.0 = Release|Any CPU
		{BD720237-635D-4C4C-A071-2861393A842D}.Debug|Any CPU.ActiveCfg = Debug|Any CPU
		{BD720237-635D-4C4C-A071-2861393A842D}.Debug|Any CPU.Build.0 = Debug|Any CPU
		{BD720237-635D-4C4C-A071-2861393A842D}.Release|Any CPU.ActiveCfg = Release|Any CPU
		{BD720237-635D-4C4C-A071-2861393A842D}.Release|Any CPU.Build.0 = Release|Any CPU
		{11F7FEA4-4B69-410B-B9BF-17F637C4D47D}.Debug|Any CPU.ActiveCfg = Debug|Any CPU
		{11F7FEA4-4B69-410B-B9BF-17F637C4D47D}.Debug|Any CPU.Build.0 = Debug|Any CPU
		{11F7FEA4-4B69-410B-B9BF-17F637C4D47D}.Release|Any CPU.ActiveCfg = Release|Any CPU
		{11F7FEA4-4B69-410B-B9BF-17F637C4D47D}.Release|Any CPU.Build.0 = Release|Any CPU
		{E5C97BE7-1025-4B34-9565-BBD001D25B14}.Debug|Any CPU.ActiveCfg = Debug|Any CPU
		{E5C97BE7-1025-4B34-9565-BBD001D25B14}.Debug|Any CPU.Build.0 = Debug|Any CPU
		{E5C97BE7-1025-4B34-9565-BBD001D25B14}.Release|Any CPU.ActiveCfg = Release|Any CPU
		{E5C97BE7-1025-4B34-9565-BBD001D25B14}.Release|Any CPU.Build.0 = Release|Any CPU
		{0E14D112-3286-4A7A-AB1F-3DF00CAD1D3B}.Debug|Any CPU.ActiveCfg = Debug|Any CPU
		{0E14D112-3286-4A7A-AB1F-3DF00CAD1D3B}.Debug|Any CPU.Build.0 = Debug|Any CPU
		{0E14D112-3286-4A7A-AB1F-3DF00CAD1D3B}.Release|Any CPU.ActiveCfg = Release|Any CPU
		{0E14D112-3286-4A7A-AB1F-3DF00CAD1D3B}.Release|Any CPU.Build.0 = Release|Any CPU
		{AB6FAEDD-36F9-4E1A-BF13-611728668782}.Debug|Any CPU.ActiveCfg = Debug|Any CPU
		{AB6FAEDD-36F9-4E1A-BF13-611728668782}.Debug|Any CPU.Build.0 = Debug|Any CPU
		{AB6FAEDD-36F9-4E1A-BF13-611728668782}.Release|Any CPU.ActiveCfg = Release|Any CPU
		{AB6FAEDD-36F9-4E1A-BF13-611728668782}.Release|Any CPU.Build.0 = Release|Any CPU
		{2379E5AD-3A68-4F77-8F40-5ABC3DCBCCF5}.Debug|Any CPU.ActiveCfg = Debug|Any CPU
		{2379E5AD-3A68-4F77-8F40-5ABC3DCBCCF5}.Debug|Any CPU.Build.0 = Debug|Any CPU
		{2379E5AD-3A68-4F77-8F40-5ABC3DCBCCF5}.Release|Any CPU.ActiveCfg = Release|Any CPU
		{2379E5AD-3A68-4F77-8F40-5ABC3DCBCCF5}.Release|Any CPU.Build.0 = Release|Any CPU
		{6517EF6A-1C8C-4DE3-A650-DF4D5C6F39D7}.Debug|Any CPU.ActiveCfg = Debug|Any CPU
		{6517EF6A-1C8C-4DE3-A650-DF4D5C6F39D7}.Debug|Any CPU.Build.0 = Debug|Any CPU
		{6517EF6A-1C8C-4DE3-A650-DF4D5C6F39D7}.Release|Any CPU.ActiveCfg = Release|Any CPU
		{6517EF6A-1C8C-4DE3-A650-DF4D5C6F39D7}.Release|Any CPU.Build.0 = Release|Any CPU
		{9A75629E-9FB0-4EE6-8B7F-AA6F80320C25}.Debug|Any CPU.ActiveCfg = Debug|Any CPU
		{9A75629E-9FB0-4EE6-8B7F-AA6F80320C25}.Debug|Any CPU.Build.0 = Debug|Any CPU
		{9A75629E-9FB0-4EE6-8B7F-AA6F80320C25}.Release|Any CPU.ActiveCfg = Release|Any CPU
		{9A75629E-9FB0-4EE6-8B7F-AA6F80320C25}.Release|Any CPU.Build.0 = Release|Any CPU
		{EA98A4FF-E56D-4D90-B250-498FDF3E4ED6}.Debug|Any CPU.ActiveCfg = Debug|Any CPU
		{EA98A4FF-E56D-4D90-B250-498FDF3E4ED6}.Debug|Any CPU.Build.0 = Debug|Any CPU
		{EA98A4FF-E56D-4D90-B250-498FDF3E4ED6}.Release|Any CPU.ActiveCfg = Release|Any CPU
		{EA98A4FF-E56D-4D90-B250-498FDF3E4ED6}.Release|Any CPU.Build.0 = Release|Any CPU
		{90FD7826-D6CD-48E7-86E8-0CFA53BDF679}.Debug|Any CPU.ActiveCfg = Debug|Any CPU
		{90FD7826-D6CD-48E7-86E8-0CFA53BDF679}.Debug|Any CPU.Build.0 = Debug|Any CPU
		{90FD7826-D6CD-48E7-86E8-0CFA53BDF679}.Release|Any CPU.ActiveCfg = Release|Any CPU
		{90FD7826-D6CD-48E7-86E8-0CFA53BDF679}.Release|Any CPU.Build.0 = Release|Any CPU
		{A3ECCE8A-8133-4703-B5AE-1C111BD47BF7}.Debug|Any CPU.ActiveCfg = Debug|Any CPU
		{A3ECCE8A-8133-4703-B5AE-1C111BD47BF7}.Debug|Any CPU.Build.0 = Debug|Any CPU
		{A3ECCE8A-8133-4703-B5AE-1C111BD47BF7}.Release|Any CPU.ActiveCfg = Release|Any CPU
		{A3ECCE8A-8133-4703-B5AE-1C111BD47BF7}.Release|Any CPU.Build.0 = Release|Any CPU
		{997BF0D7-5985-41CE-B37D-1CACEBEC16CB}.Debug|Any CPU.ActiveCfg = Debug|Any CPU
		{997BF0D7-5985-41CE-B37D-1CACEBEC16CB}.Debug|Any CPU.Build.0 = Debug|Any CPU
		{997BF0D7-5985-41CE-B37D-1CACEBEC16CB}.Release|Any CPU.ActiveCfg = Release|Any CPU
		{997BF0D7-5985-41CE-B37D-1CACEBEC16CB}.Release|Any CPU.Build.0 = Release|Any CPU
		{41A6626C-6E1D-4297-ABF1-59D0196AAC20}.Debug|Any CPU.ActiveCfg = Debug|Any CPU
		{41A6626C-6E1D-4297-ABF1-59D0196AAC20}.Debug|Any CPU.Build.0 = Debug|Any CPU
		{41A6626C-6E1D-4297-ABF1-59D0196AAC20}.Release|Any CPU.ActiveCfg = Release|Any CPU
		{41A6626C-6E1D-4297-ABF1-59D0196AAC20}.Release|Any CPU.Build.0 = Release|Any CPU
		{BFB27969-9D70-4E32-8E44-8547ECB4CA8E}.Debug|Any CPU.ActiveCfg = Debug|Any CPU
		{BFB27969-9D70-4E32-8E44-8547ECB4CA8E}.Debug|Any CPU.Build.0 = Debug|Any CPU
		{BFB27969-9D70-4E32-8E44-8547ECB4CA8E}.Release|Any CPU.ActiveCfg = Release|Any CPU
		{BFB27969-9D70-4E32-8E44-8547ECB4CA8E}.Release|Any CPU.Build.0 = Release|Any CPU
		{E11939AD-30F4-4F00-9804-4100338E920B}.Debug|Any CPU.ActiveCfg = Debug|Any CPU
		{E11939AD-30F4-4F00-9804-4100338E920B}.Debug|Any CPU.Build.0 = Debug|Any CPU
		{E11939AD-30F4-4F00-9804-4100338E920B}.Release|Any CPU.ActiveCfg = Release|Any CPU
		{E11939AD-30F4-4F00-9804-4100338E920B}.Release|Any CPU.Build.0 = Release|Any CPU
		{B53E689A-4B42-457C-B26C-1D26133F7630}.Debug|Any CPU.ActiveCfg = Debug|Any CPU
		{B53E689A-4B42-457C-B26C-1D26133F7630}.Debug|Any CPU.Build.0 = Debug|Any CPU
		{B53E689A-4B42-457C-B26C-1D26133F7630}.Release|Any CPU.ActiveCfg = Release|Any CPU
		{B53E689A-4B42-457C-B26C-1D26133F7630}.Release|Any CPU.Build.0 = Release|Any CPU
		{1F6EE359-570B-42B4-A5C4-3C7696C389D7}.Debug|Any CPU.ActiveCfg = Debug|Any CPU
		{1F6EE359-570B-42B4-A5C4-3C7696C389D7}.Debug|Any CPU.Build.0 = Debug|Any CPU
		{1F6EE359-570B-42B4-A5C4-3C7696C389D7}.Release|Any CPU.ActiveCfg = Release|Any CPU
		{1F6EE359-570B-42B4-A5C4-3C7696C389D7}.Release|Any CPU.Build.0 = Release|Any CPU
		{F2BBD8C8-EACA-4649-B4B3-C367DA28B883}.Debug|Any CPU.ActiveCfg = Debug|Any CPU
		{F2BBD8C8-EACA-4649-B4B3-C367DA28B883}.Debug|Any CPU.Build.0 = Debug|Any CPU
		{F2BBD8C8-EACA-4649-B4B3-C367DA28B883}.Release|Any CPU.ActiveCfg = Release|Any CPU
		{F2BBD8C8-EACA-4649-B4B3-C367DA28B883}.Release|Any CPU.Build.0 = Release|Any CPU
		{BE5AFDC3-3549-449B-A61F-600E02B447B6}.Debug|Any CPU.ActiveCfg = Debug|Any CPU
		{BE5AFDC3-3549-449B-A61F-600E02B447B6}.Debug|Any CPU.Build.0 = Debug|Any CPU
		{BE5AFDC3-3549-449B-A61F-600E02B447B6}.Release|Any CPU.ActiveCfg = Release|Any CPU
		{BE5AFDC3-3549-449B-A61F-600E02B447B6}.Release|Any CPU.Build.0 = Release|Any CPU
		{2247BDC9-13F0-42C1-8752-D40C5029CE15}.Debug|Any CPU.ActiveCfg = Debug|Any CPU
		{2247BDC9-13F0-42C1-8752-D40C5029CE15}.Debug|Any CPU.Build.0 = Debug|Any CPU
		{2247BDC9-13F0-42C1-8752-D40C5029CE15}.Release|Any CPU.ActiveCfg = Release|Any CPU
		{2247BDC9-13F0-42C1-8752-D40C5029CE15}.Release|Any CPU.Build.0 = Release|Any CPU
		{6DA9F95A-7583-49B7-B6C4-19042A3A38F5}.Debug|Any CPU.ActiveCfg = Debug|Any CPU
		{6DA9F95A-7583-49B7-B6C4-19042A3A38F5}.Debug|Any CPU.Build.0 = Debug|Any CPU
		{6DA9F95A-7583-49B7-B6C4-19042A3A38F5}.Release|Any CPU.ActiveCfg = Release|Any CPU
		{6DA9F95A-7583-49B7-B6C4-19042A3A38F5}.Release|Any CPU.Build.0 = Release|Any CPU
		{E0BC7E8D-CDB6-48A7-A118-9AA0E04A1209}.Debug|Any CPU.ActiveCfg = Debug|Any CPU
		{E0BC7E8D-CDB6-48A7-A118-9AA0E04A1209}.Debug|Any CPU.Build.0 = Debug|Any CPU
		{E0BC7E8D-CDB6-48A7-A118-9AA0E04A1209}.Release|Any CPU.ActiveCfg = Release|Any CPU
		{E0BC7E8D-CDB6-48A7-A118-9AA0E04A1209}.Release|Any CPU.Build.0 = Release|Any CPU
	EndGlobalSection
	GlobalSection(SolutionProperties) = preSolution
		HideSolutionNode = FALSE
	EndGlobalSection
	GlobalSection(NestedProjects) = preSolution
		{508728F5-B286-47D6-B545-AA77F16C89C6} = {AEEEC612-BF39-4DB4-B5DA-EB492BAB37FE}
		{BD720237-635D-4C4C-A071-2861393A842D} = {AEEEC612-BF39-4DB4-B5DA-EB492BAB37FE}
		{11F7FEA4-4B69-410B-B9BF-17F637C4D47D} = {AEEEC612-BF39-4DB4-B5DA-EB492BAB37FE}
		{E5C97BE7-1025-4B34-9565-BBD001D25B14} = {AEEEC612-BF39-4DB4-B5DA-EB492BAB37FE}
		{0E14D112-3286-4A7A-AB1F-3DF00CAD1D3B} = {AEEEC612-BF39-4DB4-B5DA-EB492BAB37FE}
		{AB6FAEDD-36F9-4E1A-BF13-611728668782} = {AEEEC612-BF39-4DB4-B5DA-EB492BAB37FE}
		{2379E5AD-3A68-4F77-8F40-5ABC3DCBCCF5} = {AEEEC612-BF39-4DB4-B5DA-EB492BAB37FE}
		{6517EF6A-1C8C-4DE3-A650-DF4D5C6F39D7} = {AEEEC612-BF39-4DB4-B5DA-EB492BAB37FE}
		{9A75629E-9FB0-4EE6-8B7F-AA6F80320C25} = {AEEEC612-BF39-4DB4-B5DA-EB492BAB37FE}
		{EA98A4FF-E56D-4D90-B250-498FDF3E4ED6} = {BBE44A22-6F3E-4802-9A74-7D65824CD698}
		{90FD7826-D6CD-48E7-86E8-0CFA53BDF679} = {BBE44A22-6F3E-4802-9A74-7D65824CD698}
		{A3ECCE8A-8133-4703-B5AE-1C111BD47BF7} = {BBE44A22-6F3E-4802-9A74-7D65824CD698}
		{997BF0D7-5985-41CE-B37D-1CACEBEC16CB} = {BBE44A22-6F3E-4802-9A74-7D65824CD698}
		{41A6626C-6E1D-4297-ABF1-59D0196AAC20} = {BBE44A22-6F3E-4802-9A74-7D65824CD698}
		{BFB27969-9D70-4E32-8E44-8547ECB4CA8E} = {C2CD1767-B059-4B1B-8FE3-4798DCC6955A}
		{E11939AD-30F4-4F00-9804-4100338E920B} = {C2CD1767-B059-4B1B-8FE3-4798DCC6955A}
		{B53E689A-4B42-457C-B26C-1D26133F7630} = {C2CD1767-B059-4B1B-8FE3-4798DCC6955A}
		{1F6EE359-570B-42B4-A5C4-3C7696C389D7} = {C2CD1767-B059-4B1B-8FE3-4798DCC6955A}
		{F2BBD8C8-EACA-4649-B4B3-C367DA28B883} = {C2CD1767-B059-4B1B-8FE3-4798DCC6955A}
		{BE5AFDC3-3549-449B-A61F-600E02B447B6} = {C2CD1767-B059-4B1B-8FE3-4798DCC6955A}
		{2247BDC9-13F0-42C1-8752-D40C5029CE15} = {C2CD1767-B059-4B1B-8FE3-4798DCC6955A}
		{6DA9F95A-7583-49B7-B6C4-19042A3A38F5} = {C2CD1767-B059-4B1B-8FE3-4798DCC6955A}
		{E0BC7E8D-CDB6-48A7-A118-9AA0E04A1209} = {C2CD1767-B059-4B1B-8FE3-4798DCC6955A}
	EndGlobalSection
	GlobalSection(ExtensibilityGlobals) = postSolution
		SolutionGuid = {27A0F800-A4FF-4497-8710-9CFDB6691772}
	EndGlobalSection
EndGlobal
